
Microsoft Visual Studio Solution File, Format Version 12.00
# Visual Studio Version 16
VisualStudioVersion = 16.0.30225.117
MinimumVisualStudioVersion = 10.0.40219.1
Project("{9A19103F-16F7-4668-BE54-9A1E7A4F7556}") = "SiteLanche", "SiteLanche.csproj", "{4D18C39C-0608-42C8-9FA8-950C1E158316}"
EndProject
Global
	GlobalSection(SolutionConfigurationPlatforms) = preSolution
		Debug|Any CPU = Debug|Any CPU
		Release|Any CPU = Release|Any CPU
	EndGlobalSection
	GlobalSection(ProjectConfigurationPlatforms) = postSolution
		{4D18C39C-0608-42C8-9FA8-950C1E158316}.Debug|Any CPU.ActiveCfg = Debug|Any CPU
		{4D18C39C-0608-42C8-9FA8-950C1E158316}.Debug|Any CPU.Build.0 = Debug|Any CPU
		{4D18C39C-0608-42C8-9FA8-950C1E158316}.Release|Any CPU.ActiveCfg = Release|Any CPU
		{4D18C39C-0608-42C8-9FA8-950C1E158316}.Release|Any CPU.Build.0 = Release|Any CPU
	EndGlobalSection
	GlobalSection(SolutionProperties) = preSolution
		HideSolutionNode = FALSE
	EndGlobalSection
	GlobalSection(ExtensibilityGlobals) = postSolution
		SolutionGuid = {15FCC5B9-01C5-468B-90D3-6258905292F9}
	EndGlobalSection
EndGlobal
